
Microsoft Visual Studio Solution File, Format Version 12.00
# Visual Studio 15
Project("{FAE04EC0-301F-11D3-BF4B-00C04F79EFBC}") = "Spacecraft Obstacles - Copy Backup", "Spacecraft Obstacles - Copy Backup.csproj", "{FB661E0F-010A-685A-32C7-A06F0A57E2C9}"
EndProject
Global
	GlobalSection(SolutionConfigurationPlatforms) = preSolution
		Debug|Any CPU = Debug|Any CPU
		Release|Any CPU = Release|Any CPU
	EndGlobalSection
	GlobalSection(ProjectConfigurationPlatforms) = postSolution
		{FB661E0F-010A-685A-32C7-A06F0A57E2C9}.Debug|Any CPU.ActiveCfg = Debug|Any CPU
		{FB661E0F-010A-685A-32C7-A06F0A57E2C9}.Debug|Any CPU.Build.0 = Debug|Any CPU
		{FB661E0F-010A-685A-32C7-A06F0A57E2C9}.Release|Any CPU.ActiveCfg = Release|Any CPU
		{FB661E0F-010A-685A-32C7-A06F0A57E2C9}.Release|Any CPU.Build.0 = Release|Any CPU
	EndGlobalSection
	GlobalSection(SolutionProperties) = preSolution
		HideSolutionNode = FALSE
	EndGlobalSection
EndGlobal
